
Microsoft Visual Studio Solution File, Format Version 12.00
# Visual Studio Version 16
VisualStudioVersion = 16.0.32228.343
MinimumVisualStudioVersion = 10.0.40219.1
Project("{FAE04EC0-301F-11D3-BF4B-00C04F79EFBC}") = "projet_final", "projet_final\projet_final.csproj", "{DB7643B7-A897-4349-8F9F-8BC9654DC670}"
EndProject
Global
	GlobalSection(SolutionConfigurationPlatforms) = preSolution
		Debug|Any CPU = Debug|Any CPU
		Release|Any CPU = Release|Any CPU
	EndGlobalSection
	GlobalSection(ProjectConfigurationPlatforms) = postSolution
		{DB7643B7-A897-4349-8F9F-8BC9654DC670}.Debug|Any CPU.ActiveCfg = Debug|Any CPU
		{DB7643B7-A897-4349-8F9F-8BC9654DC670}.Debug|Any CPU.Build.0 = Debug|Any CPU
		{DB7643B7-A897-4349-8F9F-8BC9654DC670}.Release|Any CPU.ActiveCfg = Release|Any CPU
		{DB7643B7-A897-4349-8F9F-8BC9654DC670}.Release|Any CPU.Build.0 = Release|Any CPU
	EndGlobalSection
	GlobalSection(SolutionProperties) = preSolution
		HideSolutionNode = FALSE
	EndGlobalSection
	GlobalSection(ExtensibilityGlobals) = postSolution
		SolutionGuid = {8D4F93E1-7A30-42D4-B022-0C915A07B4ED}
	EndGlobalSection
EndGlobal
